
Microsoft Visual Studio Solution File, Format Version 12.00
# Visual Studio Version 17
VisualStudioVersion = 17.0.32014.148
MinimumVisualStudioVersion = 10.0.40219.1
Project("{9A19103F-16F7-4668-BE54-9A1E7A4F7556}") = "Xadrez", "Xadrez\Xadrez.csproj", "{63378424-541A-4906-AA3C-E5149A40F721}"
EndProject
Project("{2150E333-8FDC-42A3-9474-1A3956D46DE8}") = "Solution Items", "Solution Items", "{9DE6F1E1-6C17-4EC4-87C3-C7DB1958ACC7}"
	ProjectSection(SolutionItems) = preProject
		.editorconfig = .editorconfig
	EndProjectSection
EndProject
Global
	GlobalSection(SolutionConfigurationPlatforms) = preSolution
		Debug|Any CPU = Debug|Any CPU
		Release|Any CPU = Release|Any CPU
	EndGlobalSection
	GlobalSection(ProjectConfigurationPlatforms) = postSolution
		{63378424-541A-4906-AA3C-E5149A40F721}.Debug|Any CPU.ActiveCfg = Debug|Any CPU
		{63378424-541A-4906-AA3C-E5149A40F721}.Debug|Any CPU.Build.0 = Debug|Any CPU
		{63378424-541A-4906-AA3C-E5149A40F721}.Release|Any CPU.ActiveCfg = Release|Any CPU
		{63378424-541A-4906-AA3C-E5149A40F721}.Release|Any CPU.Build.0 = Release|Any CPU
	EndGlobalSection
	GlobalSection(SolutionProperties) = preSolution
		HideSolutionNode = FALSE
	EndGlobalSection
	GlobalSection(ExtensibilityGlobals) = postSolution
		SolutionGuid = {D0904A32-F283-4294-895E-35D1D6FF8E5E}
	EndGlobalSection
EndGlobal
